
Microsoft Visual Studio Solution File, Format Version 12.00
# Visual Studio Version 17
VisualStudioVersion = 17.8.34525.116
MinimumVisualStudioVersion = 10.0.40219.1
Project("{FAE04EC0-301F-11D3-BF4B-00C04F79EFBC}") = "CalculosMatematicos", "CalculosMatematicos\CalculosMatematicos.csproj", "{6C585811-A6F8-455F-8929-257DFF13050C}"
EndProject
Global
	GlobalSection(SolutionConfigurationPlatforms) = preSolution
		Debug|Any CPU = Debug|Any CPU
		Release|Any CPU = Release|Any CPU
	EndGlobalSection
	GlobalSection(ProjectConfigurationPlatforms) = postSolution
		{6C585811-A6F8-455F-8929-257DFF13050C}.Debug|Any CPU.ActiveCfg = Debug|Any CPU
		{6C585811-A6F8-455F-8929-257DFF13050C}.Debug|Any CPU.Build.0 = Debug|Any CPU
		{6C585811-A6F8-455F-8929-257DFF13050C}.Release|Any CPU.ActiveCfg = Release|Any CPU
		{6C585811-A6F8-455F-8929-257DFF13050C}.Release|Any CPU.Build.0 = Release|Any CPU
	EndGlobalSection
	GlobalSection(SolutionProperties) = preSolution
		HideSolutionNode = FALSE
	EndGlobalSection
	GlobalSection(ExtensibilityGlobals) = postSolution
		SolutionGuid = {4CB422F6-B280-4470-AED5-D446879141B3}
	EndGlobalSection
EndGlobal
